
Microsoft Visual Studio Solution File, Format Version 12.00
# Visual Studio Version 17
VisualStudioVersion = 17.14.36301.6
MinimumVisualStudioVersion = 10.0.40219.1
Project("{FAE04EC0-301F-11D3-BF4B-00C04F79EFBC}") = "NoPollutionMod", "mods\NoPollutionMod\NoPollutionMod.csproj", "{B1E33A5F-2F51-49B9-842C-1D0B5B61D300}"
EndProject
Global
	GlobalSection(SolutionConfigurationPlatforms) = preSolution
		Debug|Any CPU = Debug|Any CPU
		Release|Any CPU = Release|Any CPU
	EndGlobalSection
	GlobalSection(ProjectConfigurationPlatforms) = postSolution
		{B1E33A5F-2F51-49B9-842C-1D0B5B61D300}.Debug|Any CPU.ActiveCfg = Debug|Any CPU
		{B1E33A5F-2F51-49B9-842C-1D0B5B61D300}.Debug|Any CPU.Build.0 = Debug|Any CPU
		{B1E33A5F-2F51-49B9-842C-1D0B5B61D300}.Release|Any CPU.ActiveCfg = Release|Any CPU
		{B1E33A5F-2F51-49B9-842C-1D0B5B61D300}.Release|Any CPU.Build.0 = Release|Any CPU
	EndGlobalSection
	GlobalSection(SolutionProperties) = preSolution
		HideSolutionNode = FALSE
	EndGlobalSection
	GlobalSection(ExtensibilityGlobals) = postSolution
		SolutionGuid = {2686F54D-D089-4C71-A1B0-52992694B5AA}
	EndGlobalSection
EndGlobal
